
Microsoft Visual Studio Solution File, Format Version 12.00
# Visual Studio Version 16
VisualStudioVersion = 16.0.29326.143
MinimumVisualStudioVersion = 10.0.40219.1
Project("{FAE04EC0-301F-11D3-BF4B-00C04F79EFBC}") = "Laba", "Laba\Laba.csproj", "{0AF1003D-E4CC-41C5-B360-79429F31E211}"
EndProject
Global
	GlobalSection(SolutionConfigurationPlatforms) = preSolution
		Debug|Any CPU = Debug|Any CPU
		Release|Any CPU = Release|Any CPU
	EndGlobalSection
	GlobalSection(ProjectConfigurationPlatforms) = postSolution
		{0AF1003D-E4CC-41C5-B360-79429F31E211}.Debug|Any CPU.ActiveCfg = Debug|Any CPU
		{0AF1003D-E4CC-41C5-B360-79429F31E211}.Debug|Any CPU.Build.0 = Debug|Any CPU
		{0AF1003D-E4CC-41C5-B360-79429F31E211}.Release|Any CPU.ActiveCfg = Release|Any CPU
		{0AF1003D-E4CC-41C5-B360-79429F31E211}.Release|Any CPU.Build.0 = Release|Any CPU
	EndGlobalSection
	GlobalSection(SolutionProperties) = preSolution
		HideSolutionNode = FALSE
	EndGlobalSection
	GlobalSection(ExtensibilityGlobals) = postSolution
		SolutionGuid = {93028A06-7B82-4B92-88F6-C307BAA533AD}
	EndGlobalSection
EndGlobal
